github.com/HugoBlox/hugo-blox-builder/modules/blox-bootstrap/v5 v5.9.8-0.20240513194541-c2e9a799f797 h1:4a7ZjpIpfy5m+gK+s7cfWjTI5zJMTO90+Sel5XbWuMw=
github.com/HugoBlox/hugo-blox-builder/modules/blox-bootstrap/v5 v5.9.8-0.20240513194541-c2e9a799f797/go.mod h1:xZiTEEurbEwj/NhZohozvlyLCGVCT2wARHDAJeqKG/c=
github.com/HugoBlox/hugo-blox-builder/modules/blox-core v0.3.1/go.mod h1:So8+V2U+TNxlXmcpZfdDX0muLh3PdJ7z92h30sv3bZg=
github.com/HugoBlox/hugo-blox-builder/modules/blox-plugin-netlify v1.1.2-0.20240513194541-c2e9a799f797 h1:sqf0QCVjz9NpcrbDNwmSawjdfArJFpqMk2WW4z/XK5E=
github.com/HugoBlox/hugo-blox-builder/modules/blox-plugin-netlify v1.1.2-0.20240513194541-c2e9a799f797/go.mod h1:C7jfxMLv1bEUqbM9XDSmEpfOpS8w06OgqNDEcbuRgL4=
github.com/HugoBlox/hugo-blox-builder/modules/blox-plugin-reveal v1.1.3-0.20240513194541-c2e9a799f797 h1:Z17zyxWiH1qFdlNPryJtfRnKmikUeenEie1oseHFrpY=
github.com/HugoBlox/hugo-blox-builder/modules/blox-plugin-reveal v1.1.3-0.20240513194541-c2e9a799f797/go.mod h1:F7quX1aEkV2pToTpmDBXOSTkytAnCKkqv/JFLclqa2g=
github.com/HugoBlox/hugo-blox-builder/modules/blox-seo v0.2.2/go.mod h1:NsESu6cEms1DgH84icCyylElg2Zu8A0f7Fma5JR0LZE=
github.com/wowchemy/wowchemy-hugo-modules/netlify-cms-academic v0.0.0-20201220004521-6c434e6de205 h1:WPCD86E3nYFOI5kYD9L06Xo8Uh+GgOcFo7EgpquJs08=
github.com/wowchemy/wowchemy-hugo-modules/netlify-cms-academic v0.0.0-20201220004521-6c434e6de205/go.mod h1:TU3QDPUdBSQnvDP5QVCwjAkBIdVMS/bKFA8jr3eI5AY=
github.com/wowchemy/wowchemy-hugo-modules/netlify-cms-academic v0.0.0-20201230224646-25e0b0627f09 h1:nONDeaVM4Rz7TKzlUMa6B0K9GpcfHRgvL6NGS0cQzC0=
github.com/wowchemy/wowchemy-hugo-modules/netlify-cms-academic v0.0.0-20201230224646-25e0b0627f09/go.mod h1:TU3QDPUdBSQnvDP5QVCwjAkBIdVMS/bKFA8jr3eI5AY=
github.com/wowchemy/wowchemy-hugo-modules/netlify-cms-academic v0.0.0-20210123180413-7dbc1f73edfd h1:gxYgs31Q7LuGHdD3fe1CIbKzZvZgHlus6ngkl9tYYbU=
github.com/wowchemy/wowchemy-hugo-modules/netlify-cms-academic v0.0.0-20210123180413-7dbc1f73edfd/go.mod h1:TU3QDPUdBSQnvDP5QVCwjAkBIdVMS/bKFA8jr3eI5AY=
github.com/wowchemy/wowchemy-hugo-modules/netlify-cms-academic v0.0.0-20210203203225-5072eddcc1eb h1:kkSxrx6LWG21xNGYhuSctfUh0S9V/JqydYsTeaWmkPc=
github.com/wowchemy/wowchemy-hugo-modules/netlify-cms-academic v0.0.0-20210203203225-5072eddcc1eb/go.mod h1:TU3QDPUdBSQnvDP5QVCwjAkBIdVMS/bKFA8jr3eI5AY=
github.com/wowchemy/wowchemy-hugo-modules/netlify-cms-academic v0.0.0-20210422192724-bfa3808cb6ec h1:3ziTQJXJ5iuzFzBKZ9PT4GacHwTeNl6J0GvQajL2ofY=
github.com/wowchemy/wowchemy-hugo-modules/netlify-cms-academic v0.0.0-20210422192724-bfa3808cb6ec/go.mod h1:TU3QDPUdBSQnvDP5QVCwjAkBIdVMS/bKFA8jr3eI5AY=
github.com/wowchemy/wowchemy-hugo-modules/wowchemy v0.0.0-20201220004521-6c434e6de205 h1:KVtizoH5q5JWYH1TOkx+gAwVsBLyOFhiNgh83sp2G58=
github.com/wowchemy/wowchemy-hugo-modules/wowchemy v0.0.0-20201220004521-6c434e6de205/go.mod h1:H22qfH9qj3FWwsk7+bAZpmT24yRGNQURah2/IRwjbn8=
github.com/wowchemy/wowchemy-hugo-modules/wowchemy v0.0.0-20201230224646-25e0b0627f09 h1:5Dxk6ndnHNdqqYqVYyLPhUr/crpvj+j1ZEVPeSEqrDw=
github.com/wowchemy/wowchemy-hugo-modules/wowchemy v0.0.0-20201230224646-25e0b0627f09/go.mod h1:H22qfH9qj3FWwsk7+bAZpmT24yRGNQURah2/IRwjbn8=
github.com/wowchemy/wowchemy-hugo-modules/wowchemy v0.0.0-20210123180413-7dbc1f73edfd h1:dMMvFBC6oOVTVt28kM8VlnNcKUGnMwtdGbLd0MdPywY=
github.com/wowchemy/wowchemy-hugo-modules/wowchemy v0.0.0-20210123180413-7dbc1f73edfd/go.mod h1:H22qfH9qj3FWwsk7+bAZpmT24yRGNQURah2/IRwjbn8=
github.com/wowchemy/wowchemy-hugo-modules/wowchemy v0.0.0-20210203203225-5072eddcc1eb h1:7rcoY/0Ql45NL6EdRgpsHGF2Jaa9HtxhONfHssCrbhc=
github.com/wowchemy/wowchemy-hugo-modules/wowchemy v0.0.0-20210203203225-5072eddcc1eb/go.mod h1:H22qfH9qj3FWwsk7+bAZpmT24yRGNQURah2/IRwjbn8=
github.com/wowchemy/wowchemy-hugo-modules/wowchemy v0.0.0-20210422192724-bfa3808cb6ec h1:hiiibzm2QgYhQ6LK6ow8zLFNP0PyfzWfdKX9i5rN3e4=
github.com/wowchemy/wowchemy-hugo-modules/wowchemy v0.0.0-20210422192724-bfa3808cb6ec/go.mod h1:H22qfH9qj3FWwsk7+bAZpmT24yRGNQURah2/IRwjbn8=
